Microsoft Visual Studio Solution File, Format Version 12.00
# Visual Studio Version 16
VisualStudioVersion = 16.0.30011.22
MinimumVisualStudioVersion = 10.0.40219.1
Project("{9A19103F-16F7-4668-BE54-9A1E7A4F7556}") = "OpenWeatherMap", "OpenWeatherMap\OpenWeatherMap.csproj", "{F2B0A8E4-9878-4F76-BC3C-B4C1E5AAA261}"
EndProject
Project("{FAE04EC0-301F-11D3-BF4B-00C04F79EFBC}") = "WeatherApp", "WeatherApp\WeatherApp.csproj", "{AD3B24E9-BA21-4FC3-AC82-3148FC875F21}"
EndProject
Global
	GlobalSection(SolutionConfigurationPlatforms) = preSolution
		Debug|Any CPU = Debug|Any CPU
		Release|Any CPU = Release|Any CPU
	EndGlobalSection
	GlobalSection(ProjectConfigurationPlatforms) = postSolution
		{F2B0A8E4-9878-4F76-BC3C-B4C1E5AAA261}.Debug|Any CPU.ActiveCfg = Debug|Any CPU
		{F2B0A8E4-9878-4F76-BC3C-B4C1E5AAA261}.Debug|Any CPU.Build.0 = Debug|Any CPU
		{F2B0A8E4-9878-4F76-BC3C-B4C1E5AAA261}.Release|Any CPU.ActiveCfg = Release|Any CPU
		{F2B0A8E4-9878-4F76-BC3C-B4C1E5AAA261}.Release|Any CPU.Build.0 = Release|Any CPU
		{AD3B24E9-BA21-4FC3-AC82-3148FC875F21}.Debug|Any CPU.ActiveCfg = Debug|Any CPU
		{AD3B24E9-BA21-4FC3-AC82-3148FC875F21}.Debug|Any CPU.Build.0 = Debug|Any CPU
		{AD3B24E9-BA21-4FC3-AC82-3148FC875F21}.Release|Any CPU.ActiveCfg = Release|Any CPU
		{AD3B24E9-BA21-4FC3-AC82-3148FC875F21}.Release|Any CPU.Build.0 = Release|Any CPU
	EndGlobalSection
	GlobalSection(SolutionProperties) = preSolution
		HideSolutionNode = FALSE
	EndGlobalSection
	GlobalSection(ExtensibilityGlobals) = postSolution
		SolutionGuid = {85D7FCA7-5596-4511-B2A9-1C1E26498179}
	EndGlobalSection
EndGlobal
